
Microsoft Visual Studio Solution File, Format Version 12.00
# Visual Studio Version 17
VisualStudioVersion = 17.7.34221.43
MinimumVisualStudioVersion = 10.0.40219.1
Project("{9A19103F-16F7-4668-BE54-9A1E7A4F7556}") = "Generics", "Generics\Generics.csproj", "{04CD1CD8-D0B7-4A1B-A71C-36F93D5178CD}"
EndProject
Project("{9A19103F-16F7-4668-BE54-9A1E7A4F7556}") = "Delegate", "Delegate\Delegate.csproj", "{6B870122-0057-414A-9677-CD9E35CBDE09}"
EndProject
Project("{9A19103F-16F7-4668-BE54-9A1E7A4F7556}") = "TaskProgramming", "TaskProgramming\TaskProgramming.csproj", "{ABE2BF9F-F5E1-47F1-AE68-8AB9D57BB509}"
EndProject
Project("{9A19103F-16F7-4668-BE54-9A1E7A4F7556}") = "SignalRSample", "SignalRSample\SignalRSample.csproj", "{317B3979-59C4-4AC0-BAD8-290AFB416911}"
EndProject
Project("{9A19103F-16F7-4668-BE54-9A1E7A4F7556}") = "DSA", "DSA\DSA.csproj", "{A99C137F-334D-4F2C-9D20-72119F918F14}"
EndProject
Project("{9A19103F-16F7-4668-BE54-9A1E7A4F7556}") = "DesignPatterns", "DesignPatterns\DesignPatterns.csproj", "{4092FB0F-378D-4ED0-B6F5-1A3D993A423B}"
EndProject
Project("{9A19103F-16F7-4668-BE54-9A1E7A4F7556}") = "Filters", "Filters\Filters.csproj", "{1A3D9317-94B2-47E0-BD5A-CAFE7C170F5F}"
EndProject
Project("{9A19103F-16F7-4668-BE54-9A1E7A4F7556}") = "RabbitMQ.Producer", "RabbitMQ.Producer\RabbitMQ.Producer.csproj", "{B3A063A2-7593-4CBE-8EDC-44AC05D372AD}"
EndProject
Project("{9A19103F-16F7-4668-BE54-9A1E7A4F7556}") = "RabbitMQ.Consumer", "RabbitMQ.Consumer\RabbitMQ.Consumer.csproj", "{A34111FE-AB0C-47D3-BABA-4FE2DF315FBB}"
EndProject
Project("{9A19103F-16F7-4668-BE54-9A1E7A4F7556}") = "Auth-DB-EFCore-Reg-Login", "Auth-DB-EFCore-Reg-Login\Auth-DB-EFCore-Reg-Login.csproj", "{A9E01243-4E24-4B54-AB3A-ABC2330C13F0}"
EndProject
Project("{9A19103F-16F7-4668-BE54-9A1E7A4F7556}") = "AzureBlobProject", "AzureBlobProject\AzureBlobProject.csproj", "{60DC1701-A3AD-4A79-B190-F16DACFF7B1F}"
EndProject
Project("{9A19103F-16F7-4668-BE54-9A1E7A4F7556}") = "AzureFunctionTangyWeb", "AzureFunctionTangyWeb\AzureFunctionTangyWeb.csproj", "{B11BD32E-FB8E-4AEE-9CDD-88A72603D41F}"
EndProject
Project("{2150E333-8FDC-42A3-9474-1A3956D46DE8}") = "AzureFunctionsExample", "AzureFunctionsExample", "{316CB513-DBE1-48A8-B13D-521A8F856CD6}"
EndProject
Project("{9A19103F-16F7-4668-BE54-9A1E7A4F7556}") = "AzureTangyFunc", "AzureTangyFunc\AzureTangyFunc.csproj", "{5867244D-04DF-4E87-9191-97CD02C92CCA}"
EndProject
Project("{2150E333-8FDC-42A3-9474-1A3956D46DE8}") = "AzureFundamentals", "AzureFundamentals", "{E4994F39-34B6-47DF-A043-2E54A34699C1}"
EndProject
Project("{9A19103F-16F7-4668-BE54-9A1E7A4F7556}") = "AzureSpookyLogic", "AzureSpookyLogic\AzureSpookyLogic.csproj", "{07016C86-FCE0-49E5-BCAF-5D53B8ACC577}"
EndProject
Project("{2150E333-8FDC-42A3-9474-1A3956D46DE8}") = "AzureLogicappExample", "AzureLogicappExample", "{F87278C9-31CB-4659-9172-9854278734CB}"
EndProject
Project("{9A19103F-16F7-4668-BE54-9A1E7A4F7556}") = "OOPS", "OOPS\OOPS.csproj", "{7983F6C6-DD42-4BDB-BEA3-8E037CD3A568}"
EndProject
Project("{9A19103F-16F7-4668-BE54-9A1E7A4F7556}") = "Synch-Asynch-Delegates-and-Events", "Synch-Asynch-Delegates-MulticastDelegates-and-Events\Synch-Asynch-Delegates-and-Events.csproj", "{12BD18EC-6B99-40DE-8E75-00BDB501F14D}"
EndProject
Project("{9A19103F-16F7-4668-BE54-9A1E7A4F7556}") = "CSharpConcepts", "CSharpConcepts\CSharpConcepts.csproj", "{8031652E-C569-475C-A683-5406D7CC2AAE}"
EndProject
Global
	GlobalSection(SolutionConfigurationPlatforms) = preSolution
		Debug|Any CPU = Debug|Any CPU
		Release|Any CPU = Release|Any CPU
	EndGlobalSection
	GlobalSection(ProjectConfigurationPlatforms) = postSolution
		{04CD1CD8-D0B7-4A1B-A71C-36F93D5178CD}.Debug|Any CPU.ActiveCfg = Debug|Any CPU
		{04CD1CD8-D0B7-4A1B-A71C-36F93D5178CD}.Debug|Any CPU.Build.0 = Debug|Any CPU
		{04CD1CD8-D0B7-4A1B-A71C-36F93D5178CD}.Release|Any CPU.ActiveCfg = Release|Any CPU
		{04CD1CD8-D0B7-4A1B-A71C-36F93D5178CD}.Release|Any CPU.Build.0 = Release|Any CPU
		{6B870122-0057-414A-9677-CD9E35CBDE09}.Debug|Any CPU.ActiveCfg = Debug|Any CPU
		{6B870122-0057-414A-9677-CD9E35CBDE09}.Debug|Any CPU.Build.0 = Debug|Any CPU
		{6B870122-0057-414A-9677-CD9E35CBDE09}.Release|Any CPU.ActiveCfg = Release|Any CPU
		{6B870122-0057-414A-9677-CD9E35CBDE09}.Release|Any CPU.Build.0 = Release|Any CPU
		{ABE2BF9F-F5E1-47F1-AE68-8AB9D57BB509}.Debug|Any CPU.ActiveCfg = Debug|Any CPU
		{ABE2BF9F-F5E1-47F1-AE68-8AB9D57BB509}.Debug|Any CPU.Build.0 = Debug|Any CPU
		{ABE2BF9F-F5E1-47F1-AE68-8AB9D57BB509}.Release|Any CPU.ActiveCfg = Release|Any CPU
		{ABE2BF9F-F5E1-47F1-AE68-8AB9D57BB509}.Release|Any CPU.Build.0 = Release|Any CPU
		{317B3979-59C4-4AC0-BAD8-290AFB416911}.Debug|Any CPU.ActiveCfg = Debug|Any CPU
		{317B3979-59C4-4AC0-BAD8-290AFB416911}.Debug|Any CPU.Build.0 = Debug|Any CPU
		{317B3979-59C4-4AC0-BAD8-290AFB416911}.Release|Any CPU.ActiveCfg = Release|Any CPU
		{317B3979-59C4-4AC0-BAD8-290AFB416911}.Release|Any CPU.Build.0 = Release|Any CPU
		{A99C137F-334D-4F2C-9D20-72119F918F14}.Debug|Any CPU.ActiveCfg = Debug|Any CPU
		{A99C137F-334D-4F2C-9D20-72119F918F14}.Debug|Any CPU.Build.0 = Debug|Any CPU
		{A99C137F-334D-4F2C-9D20-72119F918F14}.Release|Any CPU.ActiveCfg = Release|Any CPU
		{A99C137F-334D-4F2C-9D20-72119F918F14}.Release|Any CPU.Build.0 = Release|Any CPU
		{4092FB0F-378D-4ED0-B6F5-1A3D993A423B}.Debug|Any CPU.ActiveCfg = Debug|Any CPU
		{4092FB0F-378D-4ED0-B6F5-1A3D993A423B}.Debug|Any CPU.Build.0 = Debug|Any CPU
		{4092FB0F-378D-4ED0-B6F5-1A3D993A423B}.Release|Any CPU.ActiveCfg = Release|Any CPU
		{4092FB0F-378D-4ED0-B6F5-1A3D993A423B}.Release|Any CPU.Build.0 = Release|Any CPU
		{1A3D9317-94B2-47E0-BD5A-CAFE7C170F5F}.Debug|Any CPU.ActiveCfg = Debug|Any CPU
		{1A3D9317-94B2-47E0-BD5A-CAFE7C170F5F}.Debug|Any CPU.Build.0 = Debug|Any CPU
		{1A3D9317-94B2-47E0-BD5A-CAFE7C170F5F}.Release|Any CPU.ActiveCfg = Release|Any CPU
		{1A3D9317-94B2-47E0-BD5A-CAFE7C170F5F}.Release|Any CPU.Build.0 = Release|Any CPU
		{B3A063A2-7593-4CBE-8EDC-44AC05D372AD}.Debug|Any CPU.ActiveCfg = Debug|Any CPU
		{B3A063A2-7593-4CBE-8EDC-44AC05D372AD}.Debug|Any CPU.Build.0 = Debug|Any CPU
		{B3A063A2-7593-4CBE-8EDC-44AC05D372AD}.Release|Any CPU.ActiveCfg = Release|Any CPU
		{B3A063A2-7593-4CBE-8EDC-44AC05D372AD}.Release|Any CPU.Build.0 = Release|Any CPU
		{A34111FE-AB0C-47D3-BABA-4FE2DF315FBB}.Debug|Any CPU.ActiveCfg = Debug|Any CPU
		{A34111FE-AB0C-47D3-BABA-4FE2DF315FBB}.Debug|Any CPU.Build.0 = Debug|Any CPU
		{A34111FE-AB0C-47D3-BABA-4FE2DF315FBB}.Release|Any CPU.ActiveCfg = Release|Any CPU
		{A34111FE-AB0C-47D3-BABA-4FE2DF315FBB}.Release|Any CPU.Build.0 = Release|Any CPU
		{A9E01243-4E24-4B54-AB3A-ABC2330C13F0}.Debug|Any CPU.ActiveCfg = Debug|Any CPU
		{A9E01243-4E24-4B54-AB3A-ABC2330C13F0}.Debug|Any CPU.Build.0 = Debug|Any CPU
		{A9E01243-4E24-4B54-AB3A-ABC2330C13F0}.Release|Any CPU.ActiveCfg = Release|Any CPU
		{A9E01243-4E24-4B54-AB3A-ABC2330C13F0}.Release|Any CPU.Build.0 = Release|Any CPU
		{60DC1701-A3AD-4A79-B190-F16DACFF7B1F}.Debug|Any CPU.ActiveCfg = Debug|Any CPU
		{60DC1701-A3AD-4A79-B190-F16DACFF7B1F}.Debug|Any CPU.Build.0 = Debug|Any CPU
		{60DC1701-A3AD-4A79-B190-F16DACFF7B1F}.Release|Any CPU.ActiveCfg = Release|Any CPU
		{60DC1701-A3AD-4A79-B190-F16DACFF7B1F}.Release|Any CPU.Build.0 = Release|Any CPU
		{B11BD32E-FB8E-4AEE-9CDD-88A72603D41F}.Debug|Any CPU.ActiveCfg = Debug|Any CPU
		{B11BD32E-FB8E-4AEE-9CDD-88A72603D41F}.Debug|Any CPU.Build.0 = Debug|Any CPU
		{B11BD32E-FB8E-4AEE-9CDD-88A72603D41F}.Release|Any CPU.ActiveCfg = Release|Any CPU
		{B11BD32E-FB8E-4AEE-9CDD-88A72603D41F}.Release|Any CPU.Build.0 = Release|Any CPU
		{5867244D-04DF-4E87-9191-97CD02C92CCA}.Debug|Any CPU.ActiveCfg = Debug|Any CPU
		{5867244D-04DF-4E87-9191-97CD02C92CCA}.Debug|Any CPU.Build.0 = Debug|Any CPU
		{5867244D-04DF-4E87-9191-97CD02C92CCA}.Release|Any CPU.ActiveCfg = Release|Any CPU
		{5867244D-04DF-4E87-9191-97CD02C92CCA}.Release|Any CPU.Build.0 = Release|Any CPU
		{07016C86-FCE0-49E5-BCAF-5D53B8ACC577}.Debug|Any CPU.ActiveCfg = Debug|Any CPU
		{07016C86-FCE0-49E5-BCAF-5D53B8ACC577}.Debug|Any CPU.Build.0 = Debug|Any CPU
		{07016C86-FCE0-49E5-BCAF-5D53B8ACC577}.Release|Any CPU.ActiveCfg = Release|Any CPU
		{07016C86-FCE0-49E5-BCAF-5D53B8ACC577}.Release|Any CPU.Build.0 = Release|Any CPU
		{7983F6C6-DD42-4BDB-BEA3-8E037CD3A568}.Debug|Any CPU.ActiveCfg = Debug|Any CPU
		{7983F6C6-DD42-4BDB-BEA3-8E037CD3A568}.Debug|Any CPU.Build.0 = Debug|Any CPU
		{7983F6C6-DD42-4BDB-BEA3-8E037CD3A568}.Release|Any CPU.ActiveCfg = Release|Any CPU
		{7983F6C6-DD42-4BDB-BEA3-8E037CD3A568}.Release|Any CPU.Build.0 = Release|Any CPU
		{12BD18EC-6B99-40DE-8E75-00BDB501F14D}.Debug|Any CPU.ActiveCfg = Debug|Any CPU
		{12BD18EC-6B99-40DE-8E75-00BDB501F14D}.Debug|Any CPU.Build.0 = Debug|Any CPU
		{12BD18EC-6B99-40DE-8E75-00BDB501F14D}.Release|Any CPU.ActiveCfg = Release|Any CPU
		{12BD18EC-6B99-40DE-8E75-00BDB501F14D}.Release|Any CPU.Build.0 = Release|Any CPU
		{8031652E-C569-475C-A683-5406D7CC2AAE}.Debug|Any CPU.ActiveCfg = Debug|Any CPU
		{8031652E-C569-475C-A683-5406D7CC2AAE}.Debug|Any CPU.Build.0 = Debug|Any CPU
		{8031652E-C569-475C-A683-5406D7CC2AAE}.Release|Any CPU.ActiveCfg = Release|Any CPU
		{8031652E-C569-475C-A683-5406D7CC2AAE}.Release|Any CPU.Build.0 = Release|Any CPU
	EndGlobalSection
	GlobalSection(SolutionProperties) = preSolution
		HideSolutionNode = FALSE
	EndGlobalSection
	GlobalSection(NestedProjects) = preSolution
		{B11BD32E-FB8E-4AEE-9CDD-88A72603D41F} = {316CB513-DBE1-48A8-B13D-521A8F856CD6}
		{5867244D-04DF-4E87-9191-97CD02C92CCA} = {316CB513-DBE1-48A8-B13D-521A8F856CD6}
		{07016C86-FCE0-49E5-BCAF-5D53B8ACC577} = {F87278C9-31CB-4659-9172-9854278734CB}
		{F87278C9-31CB-4659-9172-9854278734CB} = {E4994F39-34B6-47DF-A043-2E54A34699C1}
	EndGlobalSection
	GlobalSection(ExtensibilityGlobals) = postSolution
		SolutionGuid = {F4DF4A64-36A2-4C83-BFDA-80167CCBD204}
	EndGlobalSection
EndGlobal
