
Microsoft Visual Studio Solution File, Format Version 12.00
# Visual Studio Version 17
VisualStudioVersion = 17.7.34221.43
MinimumVisualStudioVersion = 10.0.40219.1
Project("{9A19103F-16F7-4668-BE54-9A1E7A4F7556}") = "TaskProgramming", "TaskProgramming\TaskProgramming.csproj", "{ABE2BF9F-F5E1-47F1-AE68-8AB9D57BB509}"
EndProject
Project("{9A19103F-16F7-4668-BE54-9A1E7A4F7556}") = "SignalRSample", "SignalRSample\SignalRSample.csproj", "{317B3979-59C4-4AC0-BAD8-290AFB416911}"
EndProject
Project("{9A19103F-16F7-4668-BE54-9A1E7A4F7556}") = "DesignPatterns", "DesignPatterns\DesignPatterns.csproj", "{4092FB0F-378D-4ED0-B6F5-1A3D993A423B}"
EndProject
Project("{9A19103F-16F7-4668-BE54-9A1E7A4F7556}") = "Filters", "Filters\Filters.csproj", "{1A3D9317-94B2-47E0-BD5A-CAFE7C170F5F}"
EndProject
Project("{9A19103F-16F7-4668-BE54-9A1E7A4F7556}") = "RabbitMQ.Producer", "RabbitMQ.Producer\RabbitMQ.Producer.csproj", "{B3A063A2-7593-4CBE-8EDC-44AC05D372AD}"
EndProject
Project("{9A19103F-16F7-4668-BE54-9A1E7A4F7556}") = "RabbitMQ.Consumer", "RabbitMQ.Consumer\RabbitMQ.Consumer.csproj", "{A34111FE-AB0C-47D3-BABA-4FE2DF315FBB}"
EndProject
Project("{9A19103F-16F7-4668-BE54-9A1E7A4F7556}") = "Auth-DB-EFCore-Reg-Login", "Auth-DB-EFCore-Reg-Login\Auth-DB-EFCore-Reg-Login.csproj", "{A9E01243-4E24-4B54-AB3A-ABC2330C13F0}"
EndProject
Project("{9A19103F-16F7-4668-BE54-9A1E7A4F7556}") = "Synch-Asynch-Delegates-and-Events", "Synch-Asynch-Delegates-MulticastDelegates-and-Events\Synch-Asynch-Delegates-and-Events.csproj", "{12BD18EC-6B99-40DE-8E75-00BDB501F14D}"
EndProject
Project("{9A19103F-16F7-4668-BE54-9A1E7A4F7556}") = "CSharpConcepts", "CSharpConcepts\CSharpConcepts.csproj", "{8031652E-C569-475C-A683-5406D7CC2AAE}"
EndProject
Project("{9A19103F-16F7-4668-BE54-9A1E7A4F7556}") = "PerformanceTuning", "PerformanceTuning\PerformanceTuning.csproj", "{93AF54F9-BC99-4774-AD39-DEDFE19E8980}"
EndProject
Project("{9A19103F-16F7-4668-BE54-9A1E7A4F7556}") = "Microservices", "Microservices\Microservices.csproj", "{0F266D64-6D84-4637-ACF2-F2B473D58701}"
EndProject
Project("{9A19103F-16F7-4668-BE54-9A1E7A4F7556}") = "LearningMVCCore", "LearningMVCCore\LearningMVCCore.csproj", "{6400022D-985B-474C-8E43-0E4911D5310D}"
EndProject
Project("{9A19103F-16F7-4668-BE54-9A1E7A4F7556}") = "MVCCoreTraining", "MVCCoreTraining\MVCCoreTraining.csproj", "{DBADB1D8-84F4-4FDF-8376-15576744A1C1}"
EndProject
Global
	GlobalSection(SolutionConfigurationPlatforms) = preSolution
		Debug|Any CPU = Debug|Any CPU
		Release|Any CPU = Release|Any CPU
	EndGlobalSection
	GlobalSection(ProjectConfigurationPlatforms) = postSolution
		{ABE2BF9F-F5E1-47F1-AE68-8AB9D57BB509}.Debug|Any CPU.ActiveCfg = Debug|Any CPU
		{ABE2BF9F-F5E1-47F1-AE68-8AB9D57BB509}.Debug|Any CPU.Build.0 = Debug|Any CPU
		{ABE2BF9F-F5E1-47F1-AE68-8AB9D57BB509}.Release|Any CPU.ActiveCfg = Release|Any CPU
		{ABE2BF9F-F5E1-47F1-AE68-8AB9D57BB509}.Release|Any CPU.Build.0 = Release|Any CPU
		{317B3979-59C4-4AC0-BAD8-290AFB416911}.Debug|Any CPU.ActiveCfg = Debug|Any CPU
		{317B3979-59C4-4AC0-BAD8-290AFB416911}.Debug|Any CPU.Build.0 = Debug|Any CPU
		{317B3979-59C4-4AC0-BAD8-290AFB416911}.Release|Any CPU.ActiveCfg = Release|Any CPU
		{317B3979-59C4-4AC0-BAD8-290AFB416911}.Release|Any CPU.Build.0 = Release|Any CPU
		{4092FB0F-378D-4ED0-B6F5-1A3D993A423B}.Debug|Any CPU.ActiveCfg = Debug|Any CPU
		{4092FB0F-378D-4ED0-B6F5-1A3D993A423B}.Debug|Any CPU.Build.0 = Debug|Any CPU
		{4092FB0F-378D-4ED0-B6F5-1A3D993A423B}.Release|Any CPU.ActiveCfg = Release|Any CPU
		{4092FB0F-378D-4ED0-B6F5-1A3D993A423B}.Release|Any CPU.Build.0 = Release|Any CPU
		{1A3D9317-94B2-47E0-BD5A-CAFE7C170F5F}.Debug|Any CPU.ActiveCfg = Debug|Any CPU
		{1A3D9317-94B2-47E0-BD5A-CAFE7C170F5F}.Debug|Any CPU.Build.0 = Debug|Any CPU
		{1A3D9317-94B2-47E0-BD5A-CAFE7C170F5F}.Release|Any CPU.ActiveCfg = Release|Any CPU
		{1A3D9317-94B2-47E0-BD5A-CAFE7C170F5F}.Release|Any CPU.Build.0 = Release|Any CPU
		{B3A063A2-7593-4CBE-8EDC-44AC05D372AD}.Debug|Any CPU.ActiveCfg = Debug|Any CPU
		{B3A063A2-7593-4CBE-8EDC-44AC05D372AD}.Debug|Any CPU.Build.0 = Debug|Any CPU
		{B3A063A2-7593-4CBE-8EDC-44AC05D372AD}.Release|Any CPU.ActiveCfg = Release|Any CPU
		{B3A063A2-7593-4CBE-8EDC-44AC05D372AD}.Release|Any CPU.Build.0 = Release|Any CPU
		{A34111FE-AB0C-47D3-BABA-4FE2DF315FBB}.Debug|Any CPU.ActiveCfg = Debug|Any CPU
		{A34111FE-AB0C-47D3-BABA-4FE2DF315FBB}.Debug|Any CPU.Build.0 = Debug|Any CPU
		{A34111FE-AB0C-47D3-BABA-4FE2DF315FBB}.Release|Any CPU.ActiveCfg = Release|Any CPU
		{A34111FE-AB0C-47D3-BABA-4FE2DF315FBB}.Release|Any CPU.Build.0 = Release|Any CPU
		{A9E01243-4E24-4B54-AB3A-ABC2330C13F0}.Debug|Any CPU.ActiveCfg = Debug|Any CPU
		{A9E01243-4E24-4B54-AB3A-ABC2330C13F0}.Debug|Any CPU.Build.0 = Debug|Any CPU
		{A9E01243-4E24-4B54-AB3A-ABC2330C13F0}.Release|Any CPU.ActiveCfg = Release|Any CPU
		{A9E01243-4E24-4B54-AB3A-ABC2330C13F0}.Release|Any CPU.Build.0 = Release|Any CPU
		{12BD18EC-6B99-40DE-8E75-00BDB501F14D}.Debug|Any CPU.ActiveCfg = Debug|Any CPU
		{12BD18EC-6B99-40DE-8E75-00BDB501F14D}.Debug|Any CPU.Build.0 = Debug|Any CPU
		{12BD18EC-6B99-40DE-8E75-00BDB501F14D}.Release|Any CPU.ActiveCfg = Release|Any CPU
		{12BD18EC-6B99-40DE-8E75-00BDB501F14D}.Release|Any CPU.Build.0 = Release|Any CPU
		{8031652E-C569-475C-A683-5406D7CC2AAE}.Debug|Any CPU.ActiveCfg = Debug|Any CPU
		{8031652E-C569-475C-A683-5406D7CC2AAE}.Debug|Any CPU.Build.0 = Debug|Any CPU
		{8031652E-C569-475C-A683-5406D7CC2AAE}.Release|Any CPU.ActiveCfg = Release|Any CPU
		{8031652E-C569-475C-A683-5406D7CC2AAE}.Release|Any CPU.Build.0 = Release|Any CPU
		{93AF54F9-BC99-4774-AD39-DEDFE19E8980}.Debug|Any CPU.ActiveCfg = Debug|Any CPU
		{93AF54F9-BC99-4774-AD39-DEDFE19E8980}.Debug|Any CPU.Build.0 = Debug|Any CPU
		{93AF54F9-BC99-4774-AD39-DEDFE19E8980}.Release|Any CPU.ActiveCfg = Release|Any CPU
		{93AF54F9-BC99-4774-AD39-DEDFE19E8980}.Release|Any CPU.Build.0 = Release|Any CPU
		{0F266D64-6D84-4637-ACF2-F2B473D58701}.Debug|Any CPU.ActiveCfg = Debug|Any CPU
		{0F266D64-6D84-4637-ACF2-F2B473D58701}.Debug|Any CPU.Build.0 = Debug|Any CPU
		{0F266D64-6D84-4637-ACF2-F2B473D58701}.Release|Any CPU.ActiveCfg = Release|Any CPU
		{0F266D64-6D84-4637-ACF2-F2B473D58701}.Release|Any CPU.Build.0 = Release|Any CPU
		{6400022D-985B-474C-8E43-0E4911D5310D}.Debug|Any CPU.ActiveCfg = Debug|Any CPU
		{6400022D-985B-474C-8E43-0E4911D5310D}.Debug|Any CPU.Build.0 = Debug|Any CPU
		{6400022D-985B-474C-8E43-0E4911D5310D}.Release|Any CPU.ActiveCfg = Release|Any CPU
		{6400022D-985B-474C-8E43-0E4911D5310D}.Release|Any CPU.Build.0 = Release|Any CPU
		{DBADB1D8-84F4-4FDF-8376-15576744A1C1}.Debug|Any CPU.ActiveCfg = Debug|Any CPU
		{DBADB1D8-84F4-4FDF-8376-15576744A1C1}.Debug|Any CPU.Build.0 = Debug|Any CPU
		{DBADB1D8-84F4-4FDF-8376-15576744A1C1}.Release|Any CPU.ActiveCfg = Release|Any CPU
		{DBADB1D8-84F4-4FDF-8376-15576744A1C1}.Release|Any CPU.Build.0 = Release|Any CPU
	EndGlobalSection
	GlobalSection(SolutionProperties) = preSolution
		HideSolutionNode = FALSE
	EndGlobalSection
	GlobalSection(ExtensibilityGlobals) = postSolution
		SolutionGuid = {F4DF4A64-36A2-4C83-BFDA-80167CCBD204}
	EndGlobalSection
EndGlobal
